
Microsoft Visual Studio Solution File, Format Version 12.00
# Visual Studio Version 16
VisualStudioVersion = 16.0.31205.134
MinimumVisualStudioVersion = 10.0.40219.1
Project("{FAE04EC0-301F-11D3-BF4B-00C04F79EFBC}") = "MudBlazDx", "MudBlazDx\MudBlazDx.csproj", "{80296E37-F3D7-4AC4-B47F-B16EE65C8608}"
EndProject
Global
	GlobalSection(SolutionConfigurationPlatforms) = preSolution
		Debug|Any CPU = Debug|Any CPU
		Release|Any CPU = Release|Any CPU
	EndGlobalSection
	GlobalSection(ProjectConfigurationPlatforms) = postSolution
		{80296E37-F3D7-4AC4-B47F-B16EE65C8608}.Debug|Any CPU.ActiveCfg = Debug|Any CPU
		{80296E37-F3D7-4AC4-B47F-B16EE65C8608}.Debug|Any CPU.Build.0 = Debug|Any CPU
		{80296E37-F3D7-4AC4-B47F-B16EE65C8608}.Release|Any CPU.ActiveCfg = Release|Any CPU
		{80296E37-F3D7-4AC4-B47F-B16EE65C8608}.Release|Any CPU.Build.0 = Release|Any CPU
	EndGlobalSection
	GlobalSection(SolutionProperties) = preSolution
		HideSolutionNode = FALSE
	EndGlobalSection
	GlobalSection(ExtensibilityGlobals) = postSolution
		SolutionGuid = {E46C55F4-7E35-413D-83C9-9F04A1A70DC7}
	EndGlobalSection
EndGlobal
